
Microsoft Visual Studio Solution File, Format Version 12.00
# Visual Studio Version 17
VisualStudioVersion = 17.14.36414.22 d17.14
MinimumVisualStudioVersion = 10.0.40219.1
Project("{FAE04EC0-301F-11D3-BF4B-00C04F79EFBC}") = "Pr6Auth", "Pr6Auth.csproj", "{EC2B386F-CC06-4A14-A9CA-24DCD1F35E84}"
EndProject
Global
	GlobalSection(SolutionConfigurationPlatforms) = preSolution
		Debug|Any CPU = Debug|Any CPU
		Release|Any CPU = Release|Any CPU
	EndGlobalSection
	GlobalSection(ProjectConfigurationPlatforms) = postSolution
		{EC2B386F-CC06-4A14-A9CA-24DCD1F35E84}.Debug|Any CPU.ActiveCfg = Debug|Any CPU
		{EC2B386F-CC06-4A14-A9CA-24DCD1F35E84}.Debug|Any CPU.Build.0 = Debug|Any CPU
		{EC2B386F-CC06-4A14-A9CA-24DCD1F35E84}.Release|Any CPU.ActiveCfg = Release|Any CPU
		{EC2B386F-CC06-4A14-A9CA-24DCD1F35E84}.Release|Any CPU.Build.0 = Release|Any CPU
	EndGlobalSection
	GlobalSection(SolutionProperties) = preSolution
		HideSolutionNode = FALSE
	EndGlobalSection
	GlobalSection(ExtensibilityGlobals) = postSolution
		SolutionGuid = {B5B81D69-3CD8-469D-B2D2-07C9E8AA7F53}
	EndGlobalSection
EndGlobal
